
Microsoft Visual Studio Solution File, Format Version 12.00
# Visual Studio Version 17
VisualStudioVersion = 17.5.33516.290
MinimumVisualStudioVersion = 10.0.40219.1
Project("{9A19103F-16F7-4668-BE54-9A1E7A4F7556}") = "Aula10PrimeiroProjeto", "PrimeiroProjeto\Aula10PrimeiroProjeto.csproj", "{29759798-DDF1-42D2-BB9B-0D40519539F4}"
EndProject
Project("{9A19103F-16F7-4668-BE54-9A1E7A4F7556}") = "Aula15TiposBasicosDeDadosEmCsharp", "TiposBasicosDeDadosEmCsharp\Aula15TiposBasicosDeDadosEmCsharp.csproj", "{8B752B71-20F1-4A5D-BC2B-387A859E50D6}"
EndProject
Project("{FAE04EC0-301F-11D3-BF4B-00C04F79EFBC}") = "Aula17RestricoesEConvencoes", "Aula17RestricoesEConvencoes\Aula17RestricoesEConvencoes.csproj", "{3372AA6C-83E3-4E28-9148-FA87508FFE7B}"
EndProject
Global
	GlobalSection(SolutionConfigurationPlatforms) = preSolution
		Debug|Any CPU = Debug|Any CPU
		Release|Any CPU = Release|Any CPU
	EndGlobalSection
	GlobalSection(ProjectConfigurationPlatforms) = postSolution
		{29759798-DDF1-42D2-BB9B-0D40519539F4}.Debug|Any CPU.ActiveCfg = Debug|Any CPU
		{29759798-DDF1-42D2-BB9B-0D40519539F4}.Debug|Any CPU.Build.0 = Debug|Any CPU
		{29759798-DDF1-42D2-BB9B-0D40519539F4}.Release|Any CPU.ActiveCfg = Release|Any CPU
		{29759798-DDF1-42D2-BB9B-0D40519539F4}.Release|Any CPU.Build.0 = Release|Any CPU
		{8B752B71-20F1-4A5D-BC2B-387A859E50D6}.Debug|Any CPU.ActiveCfg = Debug|Any CPU
		{8B752B71-20F1-4A5D-BC2B-387A859E50D6}.Debug|Any CPU.Build.0 = Debug|Any CPU
		{8B752B71-20F1-4A5D-BC2B-387A859E50D6}.Release|Any CPU.ActiveCfg = Release|Any CPU
		{8B752B71-20F1-4A5D-BC2B-387A859E50D6}.Release|Any CPU.Build.0 = Release|Any CPU
		{3372AA6C-83E3-4E28-9148-FA87508FFE7B}.Debug|Any CPU.ActiveCfg = Debug|Any CPU
		{3372AA6C-83E3-4E28-9148-FA87508FFE7B}.Debug|Any CPU.Build.0 = Debug|Any CPU
		{3372AA6C-83E3-4E28-9148-FA87508FFE7B}.Release|Any CPU.ActiveCfg = Release|Any CPU
		{3372AA6C-83E3-4E28-9148-FA87508FFE7B}.Release|Any CPU.Build.0 = Release|Any CPU
	EndGlobalSection
	GlobalSection(SolutionProperties) = preSolution
		HideSolutionNode = FALSE
	EndGlobalSection
	GlobalSection(ExtensibilityGlobals) = postSolution
		SolutionGuid = {BD54F2FA-6571-4D93-838A-3576426E1809}
	EndGlobalSection
EndGlobal
